// !$*UTF8*$!
{
	archiveVersion = 1;
	classes = {
	};
	objectVersion = 46;
	objects = {

/* Begin PBXBuildFile section */
		79C39217CFCE4501BBFD7011 /* libPods.a in Frameworks */ = {isa = PBXBuildFile; fileRef = B2B7A059F4ED43C99478D51B /* libPods.a */; };
		E134F0FD158FFC5F0088FEF2 /* VideoGridViewController.m in Sources */ = {isa = PBXBuildFile; fileRef = E134F0FC158FFC5F0088FEF2 /* VideoGridViewController.m */; };
		E134F100158FFCD40088FEF2 /* AFWordpressComClient.m in Sources */ = {isa = PBXBuildFile; fileRef = E134F0FF158FFCD40088FEF2 /* AFWordpressComClient.m */; };
		E1354227158FF9500052465B /* UIKit.framework in Frameworks */ = {isa = PBXBuildFile; fileRef = E1354226158FF9500052465B /* UIKit.framework */; };
		E1354229158FF9500052465B /* Foundation.framework in Frameworks */ = {isa = PBXBuildFile; fileRef = E1354228158FF9500052465B /* Foundation.framework */; };
		E135422B158FF9500052465B /* CoreGraphics.framework in Frameworks */ = {isa = PBXBuildFile; fileRef = E135422A158FF9500052465B /* CoreGraphics.framework */; };
		E1354231158FF9500052465B /* InfoPlist.strings in Resources */ = {isa = PBXBuildFile; fileRef = E135422F158FF9500052465B /* InfoPlist.strings */; };
		E1354233158FF9500052465B /* main.m in Sources */ = {isa = PBXBuildFile; fileRef = E1354232158FF9500052465B /* main.m */; };
		E1354237158FF9500052465B /* AppDelegate.m in Sources */ = {isa = PBXBuildFile; fileRef = E1354236158FF9500052465B /* AppDelegate.m */; };
		E135423A158FF9500052465B /* MainStoryboard.storyboard in Resources */ = {isa = PBXBuildFile; fileRef = E1354238158FF9500052465B /* MainStoryboard.storyboard */; };
		E184B6B115D16700003EBED5 /* Video.m in Sources */ = {isa = PBXBuildFile; fileRef = E184B6B015D16700003EBED5 /* Video.m */; };
		E184B6B415D168B7003EBED5 /* CoreData.framework in Frameworks */ = {isa = PBXBuildFile; fileRef = E184B6B315D168B7003EBED5 /* CoreData.framework */; };
		E184B6B715D168CD003EBED5 /* Category.m in Sources */ = {isa = PBXBuildFile; fileRef = E184B6B615D168CD003EBED5 /* Category.m */; };
		E184B6C115D168F8003EBED5 /* Tag.m in Sources */ = {isa = PBXBuildFile; fileRef = E184B6C015D168F8003EBED5 /* Tag.m */; };
		E184B6CA15D1935A003EBED5 /* ISO8601DateFormatter.m in Sources */ = {isa = PBXBuildFile; fileRef = E184B6C915D1935A003EBED5 /* ISO8601DateFormatter.m */; settings = {COMPILER_FLAGS = "-fno-objc-arc"; }; };
		E184B6CD15D1E317003EBED5 /* DownloadsViewController.m in Sources */ = {isa = PBXBuildFile; fileRef = E184B6CC15D1E317003EBED5 /* DownloadsViewController.m */; };
		E184B6E115D270D8003EBED5 /* VideoGridViewCell.m in Sources */ = {isa = PBXBuildFile; fileRef = E184B6E015D270D8003EBED5 /* VideoGridViewCell.m */; };
		E1CC892A15D1187300DF3B60 /* MediaPlayer.framework in Frameworks */ = {isa = PBXBuildFile; fileRef = E1CC892915D1187300DF3B60 /* MediaPlayer.framework */; };
		E1CC892F15D12F1600DF3B60 /* FeaturedViewController.m in Sources */ = {isa = PBXBuildFile; fileRef = E1CC892E15D12F1600DF3B60 /* FeaturedViewController.m */; };
		E1CC893215D1309400DF3B60 /* WordcampViewController.m in Sources */ = {isa = PBXBuildFile; fileRef = E1CC893115D1309400DF3B60 /* WordcampViewController.m */; };
		E1CC893515D1312B00DF3B60 /* HowtoViewController.m in Sources */ = {isa = PBXBuildFile; fileRef = E1CC893415D1312B00DF3B60 /* HowtoViewController.m */; };
		E1CC893815D133F600DF3B60 /* VideoViewController.m in Sources */ = {isa = PBXBuildFile; fileRef = E1CC893715D133F600DF3B60 /* VideoViewController.m */; };
		E1CC893B15D1629800DF3B60 /* Model.xcdatamodeld in Sources */ = {isa = PBXBuildFile; fileRef = E1CC893915D1629800DF3B60 /* Model.xcdatamodeld */; };
/* End PBXBuildFile section */

/* Begin PBXFileReference section */
		B2B7A059F4ED43C99478D51B /* libPods.a */ = {isa = PBXFileReference; explicitFileType = archive.ar; includeInIndex = 0; path = libPods.a; sourceTree = BUILT_PRODUCTS_DIR; };
		B5BFC2E345824D0597A11901 /* Pods.xcconfig */ = {isa = PBXFileReference; lastKnownFileType = text.xcconfig; name = Pods.xcconfig; path = Pods/Pods.xcconfig; sourceTree = SOURCE_ROOT; };
		E134F0FB158FFC5F0088FEF2 /* VideoGridViewController.h */ = {isa = PBXFileReference; fileEncoding = 4; lastKnownFileType = sourcecode.c.h; path = VideoGridViewController.h; sourceTree = "<group>"; };
		E134F0FC158FFC5F0088FEF2 /* VideoGridViewController.m */ = {isa = PBXFileReference; fileEncoding = 4; lastKnownFileType = sourcecode.c.objc; path = VideoGridViewController.m; sourceTree = "<group>"; };
		E134F0FE158FFCD40088FEF2 /* AFWordpressComClient.h */ = {isa = PBXFileReference; fileEncoding = 4; lastKnownFileType = sourcecode.c.h; path = AFWordpressComClient.h; sourceTree = "<group>"; };
		E134F0FF158FFCD40088FEF2 /* AFWordpressComClient.m */ = {isa = PBXFileReference; fileEncoding = 4; lastKnownFileType = sourcecode.c.objc; path = AFWordpressComClient.m; sourceTree = "<group>"; };
		E1354222158FF9500052465B /* wptv.app */ = {isa = PBXFileReference; explicitFileType = wrapper.application; includeInIndex = 0; path = wptv.app; sourceTree = BUILT_PRODUCTS_DIR; };
		E1354226158FF9500052465B /* UIKit.framework */ = {isa = PBXFileReference; lastKnownFileType = wrapper.framework; name = UIKit.framework; path = System/Library/Frameworks/UIKit.framework; sourceTree = SDKROOT; };
		E1354228158FF9500052465B /* Foundation.framework */ = {isa = PBXFileReference; lastKnownFileType = wrapper.framework; name = Foundation.framework; path = System/Library/Frameworks/Foundation.framework; sourceTree = SDKROOT; };
		E135422A158FF9500052465B /* CoreGraphics.framework */ = {isa = PBXFileReference; lastKnownFileType = wrapper.framework; name = CoreGraphics.framework; path = System/Library/Frameworks/CoreGraphics.framework; sourceTree = SDKROOT; };
		E135422E158FF9500052465B /* wptv-Info.plist */ = {isa = PBXFileReference; lastKnownFileType = text.plist.xml; path = "wptv-Info.plist"; sourceTree = "<group>"; };
		E1354230158FF9500052465B /* en */ = {isa = PBXFileReference; lastKnownFileType = text.plist.strings; name = en; path = en.lproj/InfoPlist.strings; sourceTree = "<group>"; };
		E1354232158FF9500052465B /* main.m */ = {isa = PBXFileReference; lastKnownFileType = sourcecode.c.objc; path = main.m; sourceTree = "<group>"; };
		E1354234158FF9500052465B /* wptv-Prefix.pch */ = {isa = PBXFileReference; lastKnownFileType = sourcecode.c.h; path = "wptv-Prefix.pch"; sourceTree = "<group>"; };
		E1354235158FF9500052465B /* AppDelegate.h */ = {isa = PBXFileReference; lastKnownFileType = sourcecode.c.h; path = AppDelegate.h; sourceTree = "<group>"; };
		E1354236158FF9500052465B /* AppDelegate.m */ = {isa = PBXFileReference; lastKnownFileType = sourcecode.c.objc; path = AppDelegate.m; sourceTree = "<group>"; };
		E1354239158FF9500052465B /* en */ = {isa = PBXFileReference; lastKnownFileType = file.storyboard; name = en; path = en.lproj/MainStoryboard.storyboard; sourceTree = "<group>"; };
		E184B6AF15D16700003EBED5 /* Video.h */ = {isa = PBXFileReference; fileEncoding = 4; lastKnownFileType = sourcecode.c.h; path = Video.h; sourceTree = "<group>"; };
		E184B6B015D16700003EBED5 /* Video.m */ = {isa = PBXFileReference; fileEncoding = 4; lastKnownFileType = sourcecode.c.objc; path = Video.m; sourceTree = "<group>"; };
		E184B6B315D168B7003EBED5 /* CoreData.framework */ = {isa = PBXFileReference; lastKnownFileType = wrapper.framework; name = CoreData.framework; path = System/Library/Frameworks/CoreData.framework; sourceTree = SDKROOT; };
		E184B6B515D168CD003EBED5 /* Category.h */ = {isa = PBXFileReference; fileEncoding = 4; lastKnownFileType = sourcecode.c.h; path = Category.h; sourceTree = "<group>"; };
		E184B6B615D168CD003EBED5 /* Category.m */ = {isa = PBXFileReference; fileEncoding = 4; lastKnownFileType = sourcecode.c.objc; path = Category.m; sourceTree = "<group>"; };
		E184B6BF15D168F8003EBED5 /* Tag.h */ = {isa = PBXFileReference; fileEncoding = 4; lastKnownFileType = sourcecode.c.h; path = Tag.h; sourceTree = "<group>"; };
		E184B6C015D168F8003EBED5 /* Tag.m */ = {isa = PBXFileReference; fileEncoding = 4; lastKnownFileType = sourcecode.c.objc; path = Tag.m; sourceTree = "<group>"; };
		E184B6C815D1935A003EBED5 /* ISO8601DateFormatter.h */ = {isa = PBXFileReference; fileEncoding = 4; lastKnownFileType = sourcecode.c.h; path = ISO8601DateFormatter.h; sourceTree = "<group>"; };
		E184B6C915D1935A003EBED5 /* ISO8601DateFormatter.m */ = {isa = PBXFileReference; fileEncoding = 4; lastKnownFileType = sourcecode.c.objc; path = ISO8601DateFormatter.m; sourceTree = "<group>"; };
		E184B6CB15D1E317003EBED5 /* DownloadsViewController.h */ = {isa = PBXFileReference; fileEncoding = 4; lastKnownFileType = sourcecode.c.h; path = DownloadsViewController.h; sourceTree = "<group>"; };
		E184B6CC15D1E317003EBED5 /* DownloadsViewController.m */ = {isa = PBXFileReference; fileEncoding = 4; lastKnownFileType = sourcecode.c.objc; path = DownloadsViewController.m; sourceTree = "<group>"; };
		E184B6CE15D1F0F2003EBED5 /* VideoGridViewController_Subclass.h */ = {isa = PBXFileReference; lastKnownFileType = sourcecode.c.h; path = VideoGridViewController_Subclass.h; sourceTree = "<group>"; };
		E184B6DF15D270D8003EBED5 /* VideoGridViewCell.h */ = {isa = PBXFileReference; fileEncoding = 4; lastKnownFileType = sourcecode.c.h; path = VideoGridViewCell.h; sourceTree = "<group>"; };
		E184B6E015D270D8003EBED5 /* VideoGridViewCell.m */ = {isa = PBXFileReference; fileEncoding = 4; lastKnownFileType = sourcecode.c.objc; path = VideoGridViewCell.m; sourceTree = "<group>"; };
		E1CC892915D1187300DF3B60 /* MediaPlayer.framework */ = {isa = PBXFileReference; lastKnownFileType = wrapper.framework; name = MediaPlayer.framework; path = System/Library/Frameworks/MediaPlayer.framework; sourceTree = SDKROOT; };
		E1CC892D15D12F1600DF3B60 /* FeaturedViewController.h */ = {isa = PBXFileReference; fileEncoding = 4; lastKnownFileType = sourcecode.c.h; path = FeaturedViewController.h; sourceTree = "<group>"; };
		E1CC892E15D12F1600DF3B60 /* FeaturedViewController.m */ = {isa = PBXFileReference; fileEncoding = 4; lastKnownFileType = sourcecode.c.objc; path = FeaturedViewController.m; sourceTree = "<group>"; };
		E1CC893015D1309400DF3B60 /* WordcampViewController.h */ = {isa = PBXFileReference; fileEncoding = 4; lastKnownFileType = sourcecode.c.h; path = WordcampViewController.h; sourceTree = "<group>"; };
		E1CC893115D1309400DF3B60 /* WordcampViewController.m */ = {isa = PBXFileReference; fileEncoding = 4; lastKnownFileType = sourcecode.c.objc; path = WordcampViewController.m; sourceTree = "<group>"; };
		E1CC893315D1312B00DF3B60 /* HowtoViewController.h */ = {isa = PBXFileReference; fileEncoding = 4; lastKnownFileType = sourcecode.c.h; path = HowtoViewController.h; sourceTree = "<group>"; };
		E1CC893415D1312B00DF3B60 /* HowtoViewController.m */ = {isa = PBXFileReference; fileEncoding = 4; lastKnownFileType = sourcecode.c.objc; path = HowtoViewController.m; sourceTree = "<group>"; };
		E1CC893615D133F600DF3B60 /* VideoViewController.h */ = {isa = PBXFileReference; fileEncoding = 4; lastKnownFileType = sourcecode.c.h; path = VideoViewController.h; sourceTree = "<group>"; };
		E1CC893715D133F600DF3B60 /* VideoViewController.m */ = {isa = PBXFileReference; fileEncoding = 4; lastKnownFileType = sourcecode.c.objc; path = VideoViewController.m; sourceTree = "<group>"; };
		E1CC893A15D1629800DF3B60 /* Model.xcdatamodel */ = {isa = PBXFileReference; lastKnownFileType = wrapper.xcdatamodel; path = Model.xcdatamodel; sourceTree = "<group>"; };
/* End PBXFileReference section */

/* Begin PBXFrameworksBuildPhase section */
		E135421F158FF9500052465B /* Frameworks */ = {
			isa = PBXFrameworksBuildPhase;
			buildActionMask = 2147483647;
			files = (
				E184B6B415D168B7003EBED5 /* CoreData.framework in Frameworks */,
				E1CC892A15D1187300DF3B60 /* MediaPlayer.framework in Frameworks */,
				E1354227158FF9500052465B /* UIKit.framework in Frameworks */,
				E1354229158FF9500052465B /* Foundation.framework in Frameworks */,
				E135422B158FF9500052465B /* CoreGraphics.framework in Frameworks */,
				79C39217CFCE4501BBFD7011 /* libPods.a in Frameworks */,
			);
			runOnlyForDeploymentPostprocessing = 0;
		};
/* End PBXFrameworksBuildPhase section */

/* Begin PBXGroup section */
		E1354217158FF9500052465B = {
			isa = PBXGroup;
			children = (
				E135422C158FF9500052465B /* wptv */,
				E1354225158FF9500052465B /* Frameworks */,
				E1354223158FF9500052465B /* Products */,
				B5BFC2E345824D0597A11901 /* Pods.xcconfig */,
			);
			sourceTree = "<group>";
		};
		E1354223158FF9500052465B /* Products */ = {
			isa = PBXGroup;
			children = (
				E1354222158FF9500052465B /* wptv.app */,
			);
			name = Products;
			sourceTree = "<group>";
		};
		E1354225158FF9500052465B /* Frameworks */ = {
			isa = PBXGroup;
			children = (
				E184B6B315D168B7003EBED5 /* CoreData.framework */,
				E1CC892915D1187300DF3B60 /* MediaPlayer.framework */,
				E1354226158FF9500052465B /* UIKit.framework */,
				E1354228158FF9500052465B /* Foundation.framework */,
				E135422A158FF9500052465B /* CoreGraphics.framework */,
				B2B7A059F4ED43C99478D51B /* libPods.a */,
			);
			name = Frameworks;
			sourceTree = "<group>";
		};
		E135422C158FF9500052465B /* wptv */ = {
			isa = PBXGroup;
			children = (
				E184B6DD15D270BB003EBED5 /* Views */,
				E184B6C815D1935A003EBED5 /* ISO8601DateFormatter.h */,
				E184B6C915D1935A003EBED5 /* ISO8601DateFormatter.m */,
				E1354235158FF9500052465B /* AppDelegate.h */,
				E1354236158FF9500052465B /* AppDelegate.m */,
				E1354238158FF9500052465B /* MainStoryboard.storyboard */,
				E184B6C215D168FD003EBED5 /* Models */,
				E1CC892C15D12EDF00DF3B60 /* Controllers */,
				E184B6C315D16914003EBED5 /* API */,
				E135422D158FF9500052465B /* Supporting Files */,
			);
			path = wptv;
			sourceTree = "<group>";
		};
		E135422D158FF9500052465B /* Supporting Files */ = {
			isa = PBXGroup;
			children = (
				E1CC893915D1629800DF3B60 /* Model.xcdatamodeld */,
				E135422E158FF9500052465B /* wptv-Info.plist */,
				E135422F158FF9500052465B /* InfoPlist.strings */,
				E1354232158FF9500052465B /* main.m */,
				E1354234158FF9500052465B /* wptv-Prefix.pch */,
			);
			name = "Supporting Files";
			sourceTree = "<group>";
		};
		E184B6C215D168FD003EBED5 /* Models */ = {
			isa = PBXGroup;
			children = (
				E184B6BF15D168F8003EBED5 /* Tag.h */,
				E184B6C015D168F8003EBED5 /* Tag.m */,
				E184B6B515D168CD003EBED5 /* Category.h */,
				E184B6B615D168CD003EBED5 /* Category.m */,
				E184B6AF15D16700003EBED5 /* Video.h */,
				E184B6B015D16700003EBED5 /* Video.m */,
			);
			name = Models;
			sourceTree = "<group>";
		};
		E184B6C315D16914003EBED5 /* API */ = {
			isa = PBXGroup;
			children = (
				E134F0FE158FFCD40088FEF2 /* AFWordpressComClient.h */,
				E134F0FF158FFCD40088FEF2 /* AFWordpressComClient.m */,
			);
			name = API;
			sourceTree = "<group>";
		};
		E184B6DD15D270BB003EBED5 /* Views */ = {
			isa = PBXGroup;
			children = (
				E184B6DF15D270D8003EBED5 /* VideoGridViewCell.h */,
				E184B6E015D270D8003EBED5 /* VideoGridViewCell.m */,
			);
			name = Views;
			sourceTree = "<group>";
		};
		E1CC892C15D12EDF00DF3B60 /* Controllers */ = {
			isa = PBXGroup;
			children = (
				E134F0FB158FFC5F0088FEF2 /* VideoGridViewController.h */,
				E134F0FC158FFC5F0088FEF2 /* VideoGridViewController.m */,
				E184B6CE15D1F0F2003EBED5 /* VideoGridViewController_Subclass.h */,
				E1CC892D15D12F1600DF3B60 /* FeaturedViewController.h */,
				E1CC892E15D12F1600DF3B60 /* FeaturedViewController.m */,
				E1CC893015D1309400DF3B60 /* WordcampViewController.h */,
				E1CC893115D1309400DF3B60 /* WordcampViewController.m */,
				E1CC893315D1312B00DF3B60 /* HowtoViewController.h */,
				E1CC893415D1312B00DF3B60 /* HowtoViewController.m */,
				E184B6CB15D1E317003EBED5 /* DownloadsViewController.h */,
				E184B6CC15D1E317003EBED5 /* DownloadsViewController.m */,
				E1CC893615D133F600DF3B60 /* VideoViewController.h */,
				E1CC893715D133F600DF3B60 /* VideoViewController.m */,
			);
			name = Controllers;
			sourceTree = "<group>";
		};
/* End PBXGroup section */

/* Begin PBXNativeTarget section */
		E1354221158FF9500052465B /* wptv */ = {
			isa = PBXNativeTarget;
			buildConfigurationList = E135424B158FF9500052465B /* Build configuration list for PBXNativeTarget "wptv" */;
			buildPhases = (
				E135421E158FF9500052465B /* Sources */,
				E135421F158FF9500052465B /* Frameworks */,
				E1354220158FF9500052465B /* Resources */,
				9A815B4CFA7141E495C47363 /* Copy Pods Resources */,
			);
			buildRules = (
			);
			dependencies = (
			);
			name = wptv;
			productName = wptv;
			productReference = E1354222158FF9500052465B /* wptv.app */;
			productType = "com.apple.product-type.application";
		};
/* End PBXNativeTarget section */

/* Begin PBXProject section */
		E1354219158FF9500052465B /* Project object */ = {
			isa = PBXProject;
			attributes = {
				LastUpgradeCheck = 0430;
				ORGANIZATIONNAME = Automattic;
			};
			buildConfigurationList = E135421C158FF9500052465B /* Build configuration list for PBXProject "wptv" */;
			compatibilityVersion = "Xcode 3.2";
			developmentRegion = English;
			hasScannedForEncodings = 0;
			knownRegions = (
				en,
			);
			mainGroup = E1354217158FF9500052465B;
			productRefGroup = E1354223158FF9500052465B /* Products */;
			projectDirPath = "";
			projectRoot = "";
			targets = (
				E1354221158FF9500052465B /* wptv */,
			);
		};
/* End PBXProject section */

/* Begin PBXResourcesBuildPhase section */
		E1354220158FF9500052465B /* Resources */ = {
			isa = PBXResourcesBuildPhase;
			buildActionMask = 2147483647;
			files = (
				E1354231158FF9500052465B /* InfoPlist.strings in Resources */,
				E135423A158FF9500052465B /* MainStoryboard.storyboard in Resources */,
			);
			runOnlyForDeploymentPostprocessing = 0;
		};
/* End PBXResourcesBuildPhase section */

/* Begin PBXShellScriptBuildPhase section */
		9A815B4CFA7141E495C47363 /* Copy Pods Resources */ = {
			isa = PBXShellScriptBuildPhase;
			buildActionMask = 2147483647;
			files = (
			);
			inputPaths = (
			);
			name = "Copy Pods Resources";
			outputPaths = (
			);
			runOnlyForDeploymentPostprocessing = 0;
			shellPath = /bin/sh;
			shellScript = "\"${SRCROOT}/Pods/Pods-resources.sh\"\n";
		};
/* End PBXShellScriptBuildPhase section */

/* Begin PBXSourcesBuildPhase section */
		E135421E158FF9500052465B /* Sources */ = {
			isa = PBXSourcesBuildPhase;
			buildActionMask = 2147483647;
			files = (
				E1354233158FF9500052465B /* main.m in Sources */,
				E1354237158FF9500052465B /* AppDelegate.m in Sources */,
				E134F0FD158FFC5F0088FEF2 /* VideoGridViewController.m in Sources */,
				E134F100158FFCD40088FEF2 /* AFWordpressComClient.m in Sources */,
				E1CC892F15D12F1600DF3B60 /* FeaturedViewController.m in Sources */,
				E1CC893215D1309400DF3B60 /* WordcampViewController.m in Sources */,
				E1CC893515D1312B00DF3B60 /* HowtoViewController.m in Sources */,
				E1CC893815D133F600DF3B60 /* VideoViewController.m in Sources */,
				E1CC893B15D1629800DF3B60 /* Model.xcdatamodeld in Sources */,
				E184B6B115D16700003EBED5 /* Video.m in Sources */,
				E184B6B715D168CD003EBED5 /* Category.m in Sources */,
				E184B6C115D168F8003EBED5 /* Tag.m in Sources */,
				E184B6CA15D1935A003EBED5 /* ISO8601DateFormatter.m in Sources */,
				E184B6CD15D1E317003EBED5 /* DownloadsViewController.m in Sources */,
				E184B6E115D270D8003EBED5 /* VideoGridViewCell.m in Sources */,
			);
			runOnlyForDeploymentPostprocessing = 0;
		};
/* End PBXSourcesBuildPhase section */

/* Begin PBXVariantGroup section */
		E135422F158FF9500052465B /* InfoPlist.strings */ = {
			isa = PBXVariantGroup;
			children = (
				E1354230158FF9500052465B /* en */,
			);
			name = InfoPlist.strings;
			sourceTree = "<group>";
		};
		E1354238158FF9500052465B /* MainStoryboard.storyboard */ = {
			isa = PBXVariantGroup;
			children = (
				E1354239158FF9500052465B /* en */,
			);
			name = MainStoryboard.storyboard;
			sourceTree = "<group>";
		};
/* End PBXVariantGroup section */

/* Begin XCBuildConfiguration section */
		E1354249158FF9500052465B /* Debug */ = {
			isa = XCBuildConfiguration;
			buildSettings = {
				ALWAYS_SEARCH_USER_PATHS = NO;
				ARCHS = "$(ARCHS_STANDARD_32_BIT)";
				CLANG_ENABLE_OBJC_ARC = YES;
				"CODE_SIGN_IDENTITY[sdk=iphoneos*]" = "iPhone Developer";
				COPY_PHASE_STRIP = NO;
				GCC_C_LANGUAGE_STANDARD = gnu99;
				GCC_DYNAMIC_NO_PIC = NO;
				GCC_OPTIMIZATION_LEVEL = 0;
				GCC_PREPROCESSOR_DEFINITIONS = (
					"DEBUG=1",
					"$(inherited)",
				);
				GCC_SYMBOLS_PRIVATE_EXTERN = NO;
				GCC_VERSION = com.apple.compilers.llvm.clang.1_0;
				GCC_WARN_ABOUT_RETURN_TYPE = YES;
				GCC_WARN_UNINITIALIZED_AUTOS = YES;
				GCC_WARN_UNUSED_VARIABLE = YES;
				IPHONEOS_DEPLOYMENT_TARGET = 5.1;
				SDKROOT = iphoneos;
				TARGETED_DEVICE_FAMILY = 2;
			};
			name = Debug;
		};
		E135424A158FF9500052465B /* Release */ = {
			isa = XCBuildConfiguration;
			buildSettings = {
				ALWAYS_SEARCH_USER_PATHS = NO;
				ARCHS = "$(ARCHS_STANDARD_32_BIT)";
				CLANG_ENABLE_OBJC_ARC = YES;
				"CODE_SIGN_IDENTITY[sdk=iphoneos*]" = "iPhone Developer";
				COPY_PHASE_STRIP = YES;
				GCC_C_LANGUAGE_STANDARD = gnu99;
				GCC_VERSION = com.apple.compilers.llvm.clang.1_0;
				GCC_WARN_ABOUT_RETURN_TYPE = YES;
				GCC_WARN_UNINITIALIZED_AUTOS = YES;
				GCC_WARN_UNUSED_VARIABLE = YES;
				IPHONEOS_DEPLOYMENT_TARGET = 5.1;
				OTHER_CFLAGS = "-DNS_BLOCK_ASSERTIONS=1";
				SDKROOT = iphoneos;
				TARGETED_DEVICE_FAMILY = 2;
				VALIDATE_PRODUCT = YES;
			};
			name = Release;
		};
		E135424C158FF9500052465B /* Debug */ = {
			isa = XCBuildConfiguration;
			baseConfigurationReference = B5BFC2E345824D0597A11901 /* Pods.xcconfig */;
			buildSettings = {
				DSTROOT = /tmp/xcodeproj.dst;
				GCC_PRECOMPILE_PREFIX_HEADER = YES;
				GCC_PREFIX_HEADER = "wptv/wptv-Prefix.pch";
				GCC_VERSION = com.apple.compilers.llvm.clang.1_0;
				INFOPLIST_FILE = "wptv/wptv-Info.plist";
				PRODUCT_NAME = "$(TARGET_NAME)";
				SKIP_INSTALL = YES;
				WRAPPER_EXTENSION = app;
			};
			name = Debug;
		};
		E135424D158FF9500052465B /* Release */ = {
			isa = XCBuildConfiguration;
			baseConfigurationReference = B5BFC2E345824D0597A11901 /* Pods.xcconfig */;
			buildSettings = {
				DSTROOT = /tmp/xcodeproj.dst;
				GCC_PRECOMPILE_PREFIX_HEADER = YES;
				GCC_PREFIX_HEADER = "wptv/wptv-Prefix.pch";
				GCC_VERSION = com.apple.compilers.llvm.clang.1_0;
				INFOPLIST_FILE = "wptv/wptv-Info.plist";
				PRODUCT_NAME = "$(TARGET_NAME)";
				SKIP_INSTALL = YES;
				WRAPPER_EXTENSION = app;
			};
			name = Release;
		};
/* End XCBuildConfiguration section */

/* Begin XCConfigurationList section */
		E135421C158FF9500052465B /* Build configuration list for PBXProject "wptv" */ = {
			isa = XCConfigurationList;
			buildConfigurations = (
				E1354249158FF9500052465B /* Debug */,
				E135424A158FF9500052465B /* Release */,
			);
			defaultConfigurationIsVisible = 0;
			defaultConfigurationName = Release;
		};
		E135424B158FF9500052465B /* Build configuration list for PBXNativeTarget "wptv" */ = {
			isa = XCConfigurationList;
			buildConfigurations = (
				E135424C158FF9500052465B /* Debug */,
				E135424D158FF9500052465B /* Release */,
			);
			defaultConfigurationIsVisible = 0;
			defaultConfigurationName = Release;
		};
/* End XCConfigurationList section */

/* Begin XCVersionGroup section */
		E1CC893915D1629800DF3B60 /* Model.xcdatamodeld */ = {
			isa = XCVersionGroup;
			children = (
				E1CC893A15D1629800DF3B60 /* Model.xcdatamodel */,
			);
			currentVersion = E1CC893A15D1629800DF3B60 /* Model.xcdatamodel */;
			path = Model.xcdatamodeld;
			sourceTree = "<group>";
			versionGroupType = wrapper.xcdatamodel;
		};
/* End XCVersionGroup section */
	};
	rootObject = E1354219158FF9500052465B /* Project object */;
}
